Microsoft Visual Studio Solution File, Format Version 12.00
# Visual Studio Version 17
VisualStudioVersion = 17.10.34814.14
MinimumVisualStudioVersion = 10.0.40219.1
Project("{9A19103F-16F7-4668-BE54-9A1E7A4F7556}") = "ZhangPengFei.IoT.AppHost", "ZhangPengFei.IoT.AppHost\ZhangPengFei.IoT.AppHost.csproj", "{49C404F2-5879-4278-B3BC-1C91E5BCB5A6}"
EndProject
Project("{9A19103F-16F7-4668-BE54-9A1E7A4F7556}") = "ZhangPengFei.IoT.ServiceDefaults", "ZhangPengFei.IoT.ServiceDefaults\ZhangPengFei.IoT.ServiceDefaults.csproj", "{297ED527-D8B7-4FA6-B238-6A622B29B246}"
EndProject
Project("{9A19103F-16F7-4668-BE54-9A1E7A4F7556}") = "ZhangPengFei.IoT.ApiService", "ZhangPengFei.IoT.ApiService\ZhangPengFei.IoT.ApiService.csproj", "{6FA49B95-ABEE-402C-9F44-807F510741E4}"
EndProject
Project("{9A19103F-16F7-4668-BE54-9A1E7A4F7556}") = "ZhangPengFei.IoT.Web", "ZhangPengFei.IoT.Web\ZhangPengFei.IoT.Web.csproj", "{2CFC6305-3961-44BD-82FA-E72B753539FE}"
EndProject
Project("{9A19103F-16F7-4668-BE54-9A1E7A4F7556}") = "ZhangPengFei.IoT.Tests", "ZhangPengFei.IoT.Tests\ZhangPengFei.IoT.Tests.csproj", "{F03ED291-BB7A-493B-90D7-A6EE6806B8DA}"
EndProject
Project("{9A19103F-16F7-4668-BE54-9A1E7A4F7556}") = "ZhangPengFei.IoT.MQ", "ZhangPengFei.IoT.MQ\ZhangPengFei.IoT.MQ.csproj", "{8D77092A-76DC-41AA-9044-A699F15F3C68}"
EndProject
Project("{9A19103F-16F7-4668-BE54-9A1E7A4F7556}") = "ZhangPengFei.IoT.GateWay.AppHost", "ZhangPengFei.IoT.GateWay\ZhangPengFei.IoT.GateWay.AppHost\ZhangPengFei.IoT.GateWay.AppHost.csproj", "{037162C6-F800-4436-A5BA-C673983D8000}"
EndProject
Project("{9A19103F-16F7-4668-BE54-9A1E7A4F7556}") = "ZhangPengFei.IoT.GateWay.ServiceDefaults", "ZhangPengFei.IoT.GateWay\ZhangPengFei.IoT.GateWay.ServiceDefaults\ZhangPengFei.IoT.GateWay.ServiceDefaults.csproj", "{7DA25F2D-6401-4072-BD9F-AF29F85D9174}"
EndProject
Project("{9A19103F-16F7-4668-BE54-9A1E7A4F7556}") = "ZhangPengFei.IoT.SSOService", "ZhangPengFei.IoT.AuthService\ZhangPengFei.IoT.SSOService.csproj", "{B86850D6-5C72-4E3A-BCE9-0E9E673B045B}"
EndProject
Project("{FAE04EC0-301F-11D3-BF4B-00C04F79EFBC}") = "ZhangPengFei.IoT.InitGateWayService", "ZhangPengFei.IoT.InitService\ZhangPengFei.IoT.InitGateWayService.csproj", "{20ED88FC-1442-4D7A-80B4-012F874AD1A1}"
EndProject
Global
	GlobalSection(SolutionConfigurationPlatforms) = preSolution
		Debug|Any CPU = Debug|Any CPU
		Release|Any CPU = Release|Any CPU
	EndGlobalSection
	GlobalSection(ProjectConfigurationPlatforms) = postSolution
		{49C404F2-5879-4278-B3BC-1C91E5BCB5A6}.Debug|Any CPU.ActiveCfg = Debug|Any CPU
		{49C404F2-5879-4278-B3BC-1C91E5BCB5A6}.Debug|Any CPU.Build.0 = Debug|Any CPU
		{49C404F2-5879-4278-B3BC-1C91E5BCB5A6}.Release|Any CPU.ActiveCfg = Release|Any CPU
		{49C404F2-5879-4278-B3BC-1C91E5BCB5A6}.Release|Any CPU.Build.0 = Release|Any CPU
		{297ED527-D8B7-4FA6-B238-6A622B29B246}.Debug|Any CPU.ActiveCfg = Debug|Any CPU
		{297ED527-D8B7-4FA6-B238-6A622B29B246}.Debug|Any CPU.Build.0 = Debug|Any CPU
		{297ED527-D8B7-4FA6-B238-6A622B29B246}.Release|Any CPU.ActiveCfg = Release|Any CPU
		{297ED527-D8B7-4FA6-B238-6A622B29B246}.Release|Any CPU.Build.0 = Release|Any CPU
		{6FA49B95-ABEE-402C-9F44-807F510741E4}.Debug|Any CPU.ActiveCfg = Debug|Any CPU
		{6FA49B95-ABEE-402C-9F44-807F510741E4}.Debug|Any CPU.Build.0 = Debug|Any CPU
		{6FA49B95-ABEE-402C-9F44-807F510741E4}.Release|Any CPU.ActiveCfg = Release|Any CPU
		{6FA49B95-ABEE-402C-9F44-807F510741E4}.Release|Any CPU.Build.0 = Release|Any CPU
		{2CFC6305-3961-44BD-82FA-E72B753539FE}.Debug|Any CPU.ActiveCfg = Debug|Any CPU
		{2CFC6305-3961-44BD-82FA-E72B753539FE}.Debug|Any CPU.Build.0 = Debug|Any CPU
		{2CFC6305-3961-44BD-82FA-E72B753539FE}.Release|Any CPU.ActiveCfg = Release|Any CPU
		{2CFC6305-3961-44BD-82FA-E72B753539FE}.Release|Any CPU.Build.0 = Release|Any CPU
		{F03ED291-BB7A-493B-90D7-A6EE6806B8DA}.Debug|Any CPU.ActiveCfg = Debug|Any CPU
		{F03ED291-BB7A-493B-90D7-A6EE6806B8DA}.Debug|Any CPU.Build.0 = Debug|Any CPU
		{F03ED291-BB7A-493B-90D7-A6EE6806B8DA}.Release|Any CPU.ActiveCfg = Release|Any CPU
		{F03ED291-BB7A-493B-90D7-A6EE6806B8DA}.Release|Any CPU.Build.0 = Release|Any CPU
		{8D77092A-76DC-41AA-9044-A699F15F3C68}.Debug|Any CPU.ActiveCfg = Debug|Any CPU
		{8D77092A-76DC-41AA-9044-A699F15F3C68}.Debug|Any CPU.Build.0 = Debug|Any CPU
		{8D77092A-76DC-41AA-9044-A699F15F3C68}.Release|Any CPU.ActiveCfg = Release|Any CPU
		{8D77092A-76DC-41AA-9044-A699F15F3C68}.Release|Any CPU.Build.0 = Release|Any CPU
		{037162C6-F800-4436-A5BA-C673983D8000}.Debug|Any CPU.ActiveCfg = Debug|Any CPU
		{037162C6-F800-4436-A5BA-C673983D8000}.Debug|Any CPU.Build.0 = Debug|Any CPU
		{037162C6-F800-4436-A5BA-C673983D8000}.Release|Any CPU.ActiveCfg = Release|Any CPU
		{037162C6-F800-4436-A5BA-C673983D8000}.Release|Any CPU.Build.0 = Release|Any CPU
		{7DA25F2D-6401-4072-BD9F-AF29F85D9174}.Debug|Any CPU.ActiveCfg = Debug|Any CPU
		{7DA25F2D-6401-4072-BD9F-AF29F85D9174}.Debug|Any CPU.Build.0 = Debug|Any CPU
		{7DA25F2D-6401-4072-BD9F-AF29F85D9174}.Release|Any CPU.ActiveCfg = Release|Any CPU
		{7DA25F2D-6401-4072-BD9F-AF29F85D9174}.Release|Any CPU.Build.0 = Release|Any CPU
		{B86850D6-5C72-4E3A-BCE9-0E9E673B045B}.Debug|Any CPU.ActiveCfg = Debug|Any CPU
		{B86850D6-5C72-4E3A-BCE9-0E9E673B045B}.Debug|Any CPU.Build.0 = Debug|Any CPU
		{B86850D6-5C72-4E3A-BCE9-0E9E673B045B}.Release|Any CPU.ActiveCfg = Release|Any CPU
		{B86850D6-5C72-4E3A-BCE9-0E9E673B045B}.Release|Any CPU.Build.0 = Release|Any CPU
		{20ED88FC-1442-4D7A-80B4-012F874AD1A1}.Debug|Any CPU.ActiveCfg = Debug|Any CPU
		{20ED88FC-1442-4D7A-80B4-012F874AD1A1}.Debug|Any CPU.Build.0 = Debug|Any CPU
		{20ED88FC-1442-4D7A-80B4-012F874AD1A1}.Release|Any CPU.ActiveCfg = Release|Any CPU
		{20ED88FC-1442-4D7A-80B4-012F874AD1A1}.Release|Any CPU.Build.0 = Release|Any CPU
	EndGlobalSection
	GlobalSection(SolutionProperties) = preSolution
		HideSolutionNode = FALSE
	EndGlobalSection
	GlobalSection(ExtensibilityGlobals) = postSolution
		SolutionGuid = {4C94AB11-BE53-4543-8791-7EE81C17671A}
	EndGlobalSection
EndGlobal
